
Microsoft Visual Studio Solution File, Format Version 12.00
# Visual Studio Version 17
VisualStudioVersion = 17.2.32516.85
MinimumVisualStudioVersion = 10.0.40219.1
Project("{9A19103F-16F7-4668-BE54-9A1E7A4F7556}") = "SENSORLAB", "SENSORLAB\SENSORLAB.csproj", "{4C696838-229E-4688-AACB-9B8DE478C0B8}"
EndProject
Project("{9A19103F-16F7-4668-BE54-9A1E7A4F7556}") = "SENSORLAB.Web", "SENSORLAB.Web\SENSORLAB.Web.csproj", "{18338ABE-5D13-4C2D-BABF-7EA43544072E}"
EndProject
Global
	GlobalSection(SolutionConfigurationPlatforms) = preSolution
		Debug|Any CPU = Debug|Any CPU
		Release|Any CPU = Release|Any CPU
	EndGlobalSection
	GlobalSection(ProjectConfigurationPlatforms) = postSolution
		{4C696838-229E-4688-AACB-9B8DE478C0B8}.Debug|Any CPU.ActiveCfg = Debug|Any CPU
		{4C696838-229E-4688-AACB-9B8DE478C0B8}.Debug|Any CPU.Build.0 = Debug|Any CPU
		{4C696838-229E-4688-AACB-9B8DE478C0B8}.Release|Any CPU.ActiveCfg = Release|Any CPU
		{4C696838-229E-4688-AACB-9B8DE478C0B8}.Release|Any CPU.Build.0 = Release|Any CPU
		{18338ABE-5D13-4C2D-BABF-7EA43544072E}.Debug|Any CPU.ActiveCfg = Debug|Any CPU
		{18338ABE-5D13-4C2D-BABF-7EA43544072E}.Debug|Any CPU.Build.0 = Debug|Any CPU
		{18338ABE-5D13-4C2D-BABF-7EA43544072E}.Release|Any CPU.ActiveCfg = Release|Any CPU
		{18338ABE-5D13-4C2D-BABF-7EA43544072E}.Release|Any CPU.Build.0 = Release|Any CPU
	EndGlobalSection
	GlobalSection(SolutionProperties) = preSolution
		HideSolutionNode = FALSE
	EndGlobalSection
	GlobalSection(ExtensibilityGlobals) = postSolution
		SolutionGuid = {1F6913AD-6BAB-42C8-A458-DEC950EDBE08}
	EndGlobalSection
EndGlobal
